// !$*UTF8*$!
{
	archiveVersion = 1;
	classes = {
	};
	objectVersion = 50;
	objects = {

/* Begin PBXBuildFile section */
		4205210C21E0932B00A6BF4E /* WebViewController.m in Sources */ = {isa = PBXBuildFile; fileRef = 4205210B21E0932B00A6BF4E /* WebViewController.m */; };
		420E4FC721D5C14100D3261D /* TestHandleViewController.m in Sources */ = {isa = PBXBuildFile; fileRef = 420E4FC621D5C14100D3261D /* TestHandleViewController.m */; };
		420E4FCA21D5C14E00D3261D /* TestHandleViewManager.m in Sources */ = {isa = PBXBuildFile; fileRef = 420E4FC921D5C14E00D3261D /* TestHandleViewManager.m */; };
		420E4FCD21D5C15900D3261D /* TestHandleViewModel.m in Sources */ = {isa = PBXBuildFile; fileRef = 420E4FCC21D5C15900D3261D /* TestHandleViewModel.m */; };
		421042C321DC937E00464914 /* DataBaseDAO.m in Sources */ = {isa = PBXBuildFile; fileRef = 421042C221DC937E00464914 /* DataBaseDAO.m */; };
		4246663A20EDBEC4002E3FB1 /* HomeViewController.m in Sources */ = {isa = PBXBuildFile; fileRef = 4246663920EDBEC4002E3FB1 /* HomeViewController.m */; };
		4246663D20EDBEE1002E3FB1 /* HomeViewManager.m in Sources */ = {isa = PBXBuildFile; fileRef = 4246663C20EDBEE1002E3FB1 /* HomeViewManager.m */; };
		4246664020EDBEF1002E3FB1 /* HomeViewModel.m in Sources */ = {isa = PBXBuildFile; fileRef = 4246663F20EDBEF1002E3FB1 /* HomeViewModel.m */; };
		425822532079E443005D3178 /* AppDelegate.m in Sources */ = {isa = PBXBuildFile; fileRef = 425822522079E443005D3178 /* AppDelegate.m */; };
		4258225B2079E444005D3178 /* Assets.xcassets in Resources */ = {isa = PBXBuildFile; fileRef = 4258225A2079E444005D3178 /* Assets.xcassets */; };
		4258225E2079E444005D3178 /* LaunchScreen.storyboard in Resources */ = {isa = PBXBuildFile; fileRef = 4258225C2079E444005D3178 /* LaunchScreen.storyboard */; };
		425822612079E444005D3178 /* main.m in Sources */ = {isa = PBXBuildFile; fileRef = 425822602079E444005D3178 /* main.m */; };
		425822772079E5E8005D3178 /* CCNetowrkRequests.m in Sources */ = {isa = PBXBuildFile; fileRef = 425822762079E5E8005D3178 /* CCNetowrkRequests.m */; };
		4258227B2079F123005D3178 /* MainTabBarViewController.m in Sources */ = {isa = PBXBuildFile; fileRef = 4258227A2079F123005D3178 /* MainTabBarViewController.m */; };
		4258227F2079F266005D3178 /* CCAppDelegateService.m in Sources */ = {isa = PBXBuildFile; fileRef = 4258227E2079F266005D3178 /* CCAppDelegateService.m */; };
		4283FCC321E43CD600409090 /* WebAPPDemo.html in Resources */ = {isa = PBXBuildFile; fileRef = 4283FCC221E43CD600409090 /* WebAPPDemo.html */; };
		42D301CC21D600A5005871E2 /* CCKit.framework in Frameworks */ = {isa = PBXBuildFile; fileRef = 42D301CB21D600A5005871E2 /* CCKit.framework */; };
		42D301D021D6055F005871E2 /* HomeTableViewCell.m in Sources */ = {isa = PBXBuildFile; fileRef = 42D301CF21D6055F005871E2 /* HomeTableViewCell.m */; };
		42D301D921D61439005871E2 /* CollectionViewController.m in Sources */ = {isa = PBXBuildFile; fileRef = 42D301D821D61439005871E2 /* CollectionViewController.m */; };
		42D301DC21D6144D005871E2 /* CollectionViewManager.m in Sources */ = {isa = PBXBuildFile; fileRef = 42D301DB21D6144D005871E2 /* CollectionViewManager.m */; };
		42D301DF21D61458005871E2 /* CollectionViewModel.m in Sources */ = {isa = PBXBuildFile; fileRef = 42D301DE21D61458005871E2 /* CollectionViewModel.m */; };
		42D301E221D6146A005871E2 /* CollectionViewCell.m in Sources */ = {isa = PBXBuildFile; fileRef = 42D301E121D6146A005871E2 /* CollectionViewCell.m */; };
		42D301EA21D7042E005871E2 /* ViewDemoViewController.m in Sources */ = {isa = PBXBuildFile; fileRef = 42D301E921D7042E005871E2 /* ViewDemoViewController.m */; };
		42D301ED21D70441005871E2 /* ViewDemoViewManager.m in Sources */ = {isa = PBXBuildFile; fileRef = 42D301EC21D70441005871E2 /* ViewDemoViewManager.m */; };
		42D301F021D7044D005871E2 /* ViewDemoViewModel.m in Sources */ = {isa = PBXBuildFile; fileRef = 42D301EF21D7044D005871E2 /* ViewDemoViewModel.m */; };
		42D301F321D7056C005871E2 /* ViewDemo.m in Sources */ = {isa = PBXBuildFile; fileRef = 42D301F221D7056C005871E2 /* ViewDemo.m */; };
		42D301FA21D75FC4005871E2 /* DataBaseViewController.m in Sources */ = {isa = PBXBuildFile; fileRef = 42D301F921D75FC4005871E2 /* DataBaseViewController.m */; };
		42D301FD21D75FD0005871E2 /* DataBaseViewManager.m in Sources */ = {isa = PBXBuildFile; fileRef = 42D301FC21D75FD0005871E2 /* DataBaseViewManager.m */; };
		42D3020021D75FDD005871E2 /* DataBaseViewModel.m in Sources */ = {isa = PBXBuildFile; fileRef = 42D301FF21D75FDD005871E2 /* DataBaseViewModel.m */; };
		42D3020421D76119005871E2 /* DataBaseTableViewCell.m in Sources */ = {isa = PBXBuildFile; fileRef = 42D3020321D76119005871E2 /* DataBaseTableViewCell.m */; };
/* End PBXBuildFile section */

/* Begin PBXFileReference section */
		4205210A21E0932B00A6BF4E /* WebViewController.h */ = {isa = PBXFileReference; fileEncoding = 4; lastKnownFileType = sourcecode.c.h; path = WebViewController.h; sourceTree = "<group>"; };
		4205210B21E0932B00A6BF4E /* WebViewController.m */ = {isa = PBXFileReference; fileEncoding = 4; lastKnownFileType = sourcecode.c.objc; path = WebViewController.m; sourceTree = "<group>"; };
		420E4FC521D5C14100D3261D /* TestHandleViewController.h */ = {isa = PBXFileReference; lastKnownFileType = sourcecode.c.h; path = TestHandleViewController.h; sourceTree = "<group>"; };
		420E4FC621D5C14100D3261D /* TestHandleViewController.m */ = {isa = PBXFileReference; lastKnownFileType = sourcecode.c.objc; path = TestHandleViewController.m; sourceTree = "<group>"; };
		420E4FC821D5C14E00D3261D /* TestHandleViewManager.h */ = {isa = PBXFileReference; lastKnownFileType = sourcecode.c.h; path = TestHandleViewManager.h; sourceTree = "<group>"; };
		420E4FC921D5C14E00D3261D /* TestHandleViewManager.m */ = {isa = PBXFileReference; lastKnownFileType = sourcecode.c.objc; path = TestHandleViewManager.m; sourceTree = "<group>"; };
		420E4FCB21D5C15900D3261D /* TestHandleViewModel.h */ = {isa = PBXFileReference; lastKnownFileType = sourcecode.c.h; path = TestHandleViewModel.h; sourceTree = "<group>"; };
		420E4FCC21D5C15900D3261D /* TestHandleViewModel.m */ = {isa = PBXFileReference; lastKnownFileType = sourcecode.c.objc; path = TestHandleViewModel.m; sourceTree = "<group>"; };
		421042C121DC937E00464914 /* DataBaseDAO.h */ = {isa = PBXFileReference; lastKnownFileType = sourcecode.c.h; path = DataBaseDAO.h; sourceTree = "<group>"; };
		421042C221DC937E00464914 /* DataBaseDAO.m */ = {isa = PBXFileReference; lastKnownFileType = sourcecode.c.objc; path = DataBaseDAO.m; sourceTree = "<group>"; };
		4246663820EDBEC4002E3FB1 /* HomeViewController.h */ = {isa = PBXFileReference; lastKnownFileType = sourcecode.c.h; path = HomeViewController.h; sourceTree = "<group>"; };
		4246663920EDBEC4002E3FB1 /* HomeViewController.m */ = {isa = PBXFileReference; lastKnownFileType = sourcecode.c.objc; path = HomeViewController.m; sourceTree = "<group>"; };
		4246663B20EDBEE1002E3FB1 /* HomeViewManager.h */ = {isa = PBXFileReference; lastKnownFileType = sourcecode.c.h; path = HomeViewManager.h; sourceTree = "<group>"; };
		4246663C20EDBEE1002E3FB1 /* HomeViewManager.m */ = {isa = PBXFileReference; lastKnownFileType = sourcecode.c.objc; path = HomeViewManager.m; sourceTree = "<group>"; };
		4246663E20EDBEF1002E3FB1 /* HomeViewModel.h */ = {isa = PBXFileReference; lastKnownFileType = sourcecode.c.h; path = HomeViewModel.h; sourceTree = "<group>"; };
		4246663F20EDBEF1002E3FB1 /* HomeViewModel.m */ = {isa = PBXFileReference; lastKnownFileType = sourcecode.c.objc; path = HomeViewModel.m; sourceTree = "<group>"; };
		4258224E2079E443005D3178 /* CCKitDemo.app */ = {isa = PBXFileReference; explicitFileType = wrapper.application; includeInIndex = 0; path = CCKitDemo.app; sourceTree = BUILT_PRODUCTS_DIR; };
		425822512079E443005D3178 /* AppDelegate.h */ = {isa = PBXFileReference; lastKnownFileType = sourcecode.c.h; path = AppDelegate.h; sourceTree = "<group>"; };
		425822522079E443005D3178 /* AppDelegate.m */ = {isa = PBXFileReference; lastKnownFileType = sourcecode.c.objc; path = AppDelegate.m; sourceTree = "<group>"; };
		4258225A2079E444005D3178 /* Assets.xcassets */ = {isa = PBXFileReference; lastKnownFileType = folder.assetcatalog; path = Assets.xcassets; sourceTree = "<group>"; };
		4258225D2079E444005D3178 /* Base */ = {isa = PBXFileReference; lastKnownFileType = file.storyboard; name = Base; path = Base.lproj/LaunchScreen.storyboard; sourceTree = "<group>"; };
		4258225F2079E444005D3178 /* Info.plist */ = {isa = PBXFileReference; lastKnownFileType = text.plist.xml; path = Info.plist; sourceTree = "<group>"; };
		425822602079E444005D3178 /* main.m */ = {isa = PBXFileReference; lastKnownFileType = sourcecode.c.objc; path = main.m; sourceTree = "<group>"; };
		425822752079E5E8005D3178 /* CCNetowrkRequests.h */ = {isa = PBXFileReference; lastKnownFileType = sourcecode.c.h; path = CCNetowrkRequests.h; sourceTree = "<group>"; };
		425822762079E5E8005D3178 /* CCNetowrkRequests.m */ = {isa = PBXFileReference; lastKnownFileType = sourcecode.c.objc; path = CCNetowrkRequests.m; sourceTree = "<group>"; };
		425822782079E68B005D3178 /* PrefixHeader.pch */ = {isa = PBXFileReference; lastKnownFileType = sourcecode.c.h; path = PrefixHeader.pch; sourceTree = "<group>"; };
		425822792079F123005D3178 /* MainTabBarViewController.h */ = {isa = PBXFileReference; lastKnownFileType = sourcecode.c.h; path = MainTabBarViewController.h; sourceTree = "<group>"; };
		4258227A2079F123005D3178 /* MainTabBarViewController.m */ = {isa = PBXFileReference; lastKnownFileType = sourcecode.c.objc; path = MainTabBarViewController.m; sourceTree = "<group>"; };
		4258227D2079F266005D3178 /* CCAppDelegateService.h */ = {isa = PBXFileReference; lastKnownFileType = sourcecode.c.h; path = CCAppDelegateService.h; sourceTree = "<group>"; };
		4258227E2079F266005D3178 /* CCAppDelegateService.m */ = {isa = PBXFileReference; lastKnownFileType = sourcecode.c.objc; path = CCAppDelegateService.m; sourceTree = "<group>"; };
		4283FCC221E43CD600409090 /* WebAPPDemo.html */ = {isa = PBXFileReference; fileEncoding = 4; lastKnownFileType = text.html; path = WebAPPDemo.html; sourceTree = "<group>"; };
		42D301CB21D600A5005871E2 /* CCKit.framework */ = {isa = PBXFileReference; explicitFileType = wrapper.framework; path = CCKit.framework; sourceTree = BUILT_PRODUCTS_DIR; };
		42D301CE21D6055F005871E2 /* HomeTableViewCell.h */ = {isa = PBXFileReference; lastKnownFileType = sourcecode.c.h; path = HomeTableViewCell.h; sourceTree = "<group>"; };
		42D301CF21D6055F005871E2 /* HomeTableViewCell.m */ = {isa = PBXFileReference; lastKnownFileType = sourcecode.c.objc; path = HomeTableViewCell.m; sourceTree = "<group>"; };
		42D301D721D61439005871E2 /* CollectionViewController.h */ = {isa = PBXFileReference; lastKnownFileType = sourcecode.c.h; path = CollectionViewController.h; sourceTree = "<group>"; };
		42D301D821D61439005871E2 /* CollectionViewController.m */ = {isa = PBXFileReference; lastKnownFileType = sourcecode.c.objc; path = CollectionViewController.m; sourceTree = "<group>"; };
		42D301DA21D6144D005871E2 /* CollectionViewManager.h */ = {isa = PBXFileReference; lastKnownFileType = sourcecode.c.h; path = CollectionViewManager.h; sourceTree = "<group>"; };
		42D301DB21D6144D005871E2 /* CollectionViewManager.m */ = {isa = PBXFileReference; lastKnownFileType = sourcecode.c.objc; path = CollectionViewManager.m; sourceTree = "<group>"; };
		42D301DD21D61458005871E2 /* CollectionViewModel.h */ = {isa = PBXFileReference; lastKnownFileType = sourcecode.c.h; path = CollectionViewModel.h; sourceTree = "<group>"; };
		42D301DE21D61458005871E2 /* CollectionViewModel.m */ = {isa = PBXFileReference; lastKnownFileType = sourcecode.c.objc; path = CollectionViewModel.m; sourceTree = "<group>"; };
		42D301E021D6146A005871E2 /* CollectionViewCell.h */ = {isa = PBXFileReference; lastKnownFileType = sourcecode.c.h; path = CollectionViewCell.h; sourceTree = "<group>"; };
		42D301E121D6146A005871E2 /* CollectionViewCell.m */ = {isa = PBXFileReference; lastKnownFileType = sourcecode.c.objc; path = CollectionViewCell.m; sourceTree = "<group>"; };
		42D301E821D7042E005871E2 /* ViewDemoViewController.h */ = {isa = PBXFileReference; lastKnownFileType = sourcecode.c.h; path = ViewDemoViewController.h; sourceTree = "<group>"; };
		42D301E921D7042E005871E2 /* ViewDemoViewController.m */ = {isa = PBXFileReference; lastKnownFileType = sourcecode.c.objc; path = ViewDemoViewController.m; sourceTree = "<group>"; };
		42D301EB21D70441005871E2 /* ViewDemoViewManager.h */ = {isa = PBXFileReference; lastKnownFileType = sourcecode.c.h; path = ViewDemoViewManager.h; sourceTree = "<group>"; };
		42D301EC21D70441005871E2 /* ViewDemoViewManager.m */ = {isa = PBXFileReference; lastKnownFileType = sourcecode.c.objc; path = ViewDemoViewManager.m; sourceTree = "<group>"; };
		42D301EE21D7044D005871E2 /* ViewDemoViewModel.h */ = {isa = PBXFileReference; lastKnownFileType = sourcecode.c.h; path = ViewDemoViewModel.h; sourceTree = "<group>"; };
		42D301EF21D7044D005871E2 /* ViewDemoViewModel.m */ = {isa = PBXFileReference; lastKnownFileType = sourcecode.c.objc; path = ViewDemoViewModel.m; sourceTree = "<group>"; };
		42D301F121D7056C005871E2 /* ViewDemo.h */ = {isa = PBXFileReference; lastKnownFileType = sourcecode.c.h; path = ViewDemo.h; sourceTree = "<group>"; };
		42D301F221D7056C005871E2 /* ViewDemo.m */ = {isa = PBXFileReference; lastKnownFileType = sourcecode.c.objc; path = ViewDemo.m; sourceTree = "<group>"; };
		42D301F821D75FC4005871E2 /* DataBaseViewController.h */ = {isa = PBXFileReference; lastKnownFileType = sourcecode.c.h; path = DataBaseViewController.h; sourceTree = "<group>"; };
		42D301F921D75FC4005871E2 /* DataBaseViewController.m */ = {isa = PBXFileReference; lastKnownFileType = sourcecode.c.objc; path = DataBaseViewController.m; sourceTree = "<group>"; };
		42D301FB21D75FD0005871E2 /* DataBaseViewManager.h */ = {isa = PBXFileReference; lastKnownFileType = sourcecode.c.h; path = DataBaseViewManager.h; sourceTree = "<group>"; };
		42D301FC21D75FD0005871E2 /* DataBaseViewManager.m */ = {isa = PBXFileReference; lastKnownFileType = sourcecode.c.objc; path = DataBaseViewManager.m; sourceTree = "<group>"; };
		42D301FE21D75FDD005871E2 /* DataBaseViewModel.h */ = {isa = PBXFileReference; lastKnownFileType = sourcecode.c.h; path = DataBaseViewModel.h; sourceTree = "<group>"; };
		42D301FF21D75FDD005871E2 /* DataBaseViewModel.m */ = {isa = PBXFileReference; lastKnownFileType = sourcecode.c.objc; path = DataBaseViewModel.m; sourceTree = "<group>"; };
		42D3020221D76119005871E2 /* DataBaseTableViewCell.h */ = {isa = PBXFileReference; lastKnownFileType = sourcecode.c.h; path = DataBaseTableViewCell.h; sourceTree = "<group>"; };
		42D3020321D76119005871E2 /* DataBaseTableViewCell.m */ = {isa = PBXFileReference; lastKnownFileType = sourcecode.c.objc; path = DataBaseTableViewCell.m; sourceTree = "<group>"; };
/* End PBXFileReference section */

/* Begin PBXFrameworksBuildPhase section */
		4258224B2079E443005D3178 /* Frameworks */ = {
			isa = PBXFrameworksBuildPhase;
			buildActionMask = 2147483647;
			files = (
				42D301CC21D600A5005871E2 /* CCKit.framework in Frameworks */,
			);
			runOnlyForDeploymentPostprocessing = 0;
		};
/* End PBXFrameworksBuildPhase section */

/* Begin PBXGroup section */
		4205210021E08C8F00A6BF4E /* Web */ = {
			isa = PBXGroup;
			children = (
				4283FCC121E433A900409090 /* View */,
				4205210121E08CA200A6BF4E /* ViewController */,
			);
			path = Web;
			sourceTree = "<group>";
		};
		4205210121E08CA200A6BF4E /* ViewController */ = {
			isa = PBXGroup;
			children = (
				4205210A21E0932B00A6BF4E /* WebViewController.h */,
				4205210B21E0932B00A6BF4E /* WebViewController.m */,
			);
			path = ViewController;
			sourceTree = "<group>";
		};
		420E4FC121D5B3AA00D3261D /* TestHandle */ = {
			isa = PBXGroup;
			children = (
				420E4FC421D5B6E100D3261D /* Controller */,
				420E4FC321D5B6DA00D3261D /* ViewManager */,
				420E4FC221D5B6D500D3261D /* ViewModel */,
			);
			path = TestHandle;
			sourceTree = "<group>";
		};
		420E4FC221D5B6D500D3261D /* ViewModel */ = {
			isa = PBXGroup;
			children = (
				420E4FCB21D5C15900D3261D /* TestHandleViewModel.h */,
				420E4FCC21D5C15900D3261D /* TestHandleViewModel.m */,
			);
			path = ViewModel;
			sourceTree = "<group>";
		};
		420E4FC321D5B6DA00D3261D /* ViewManager */ = {
			isa = PBXGroup;
			children = (
				420E4FC821D5C14E00D3261D /* TestHandleViewManager.h */,
				420E4FC921D5C14E00D3261D /* TestHandleViewManager.m */,
			);
			path = ViewManager;
			sourceTree = "<group>";
		};
		420E4FC421D5B6E100D3261D /* Controller */ = {
			isa = PBXGroup;
			children = (
				420E4FC521D5C14100D3261D /* TestHandleViewController.h */,
				420E4FC621D5C14100D3261D /* TestHandleViewController.m */,
			);
			path = Controller;
			sourceTree = "<group>";
		};
		421042C021DC936E00464914 /* Model */ = {
			isa = PBXGroup;
			children = (
				421042C121DC937E00464914 /* DataBaseDAO.h */,
				421042C221DC937E00464914 /* DataBaseDAO.m */,
			);
			path = Model;
			sourceTree = "<group>";
		};
		425822452079E443005D3178 = {
			isa = PBXGroup;
			children = (
				425822502079E443005D3178 /* CCKitDemo */,
				4258224F2079E443005D3178 /* Products */,
				427E4D9820EDAE60002D6BA5 /* Frameworks */,
			);
			sourceTree = "<group>";
		};
		4258224F2079E443005D3178 /* Products */ = {
			isa = PBXGroup;
			children = (
				4258224E2079E443005D3178 /* CCKitDemo.app */,
			);
			name = Products;
			sourceTree = "<group>";
		};
		425822502079E443005D3178 /* CCKitDemo */ = {
			isa = PBXGroup;
			children = (
				425822722079E551005D3178 /* Config */,
				425822712079E547005D3178 /* RequestProtocol */,
				4258226E2079E514005D3178 /* Tools */,
				4258226A2079E4F3005D3178 /* Classes */,
				425822512079E443005D3178 /* AppDelegate.h */,
				425822522079E443005D3178 /* AppDelegate.m */,
				425822672079E485005D3178 /* Supporting Files */,
			);
			path = CCKitDemo;
			sourceTree = "<group>";
		};
		425822672079E485005D3178 /* Supporting Files */ = {
			isa = PBXGroup;
			children = (
				4258225A2079E444005D3178 /* Assets.xcassets */,
				4258225C2079E444005D3178 /* LaunchScreen.storyboard */,
				425822602079E444005D3178 /* main.m */,
				4258225F2079E444005D3178 /* Info.plist */,
			);
			name = "Supporting Files";
			sourceTree = "<group>";
		};
		4258226A2079E4F3005D3178 /* Classes */ = {
			isa = PBXGroup;
			children = (
				42D301D121D613F8005871E2 /* TestDemo */,
				425822732079E55B005D3178 /* MainTabBar */,
				4258227C2079F1F5005D3178 /* Home */,
				420E4FC121D5B3AA00D3261D /* TestHandle */,
			);
			path = Classes;
			sourceTree = "<group>";
		};
		4258226E2079E514005D3178 /* Tools */ = {
			isa = PBXGroup;
			children = (
				425822702079E53D005D3178 /* AppDelegateService */,
				4258226F2079E51E005D3178 /* Vender */,
			);
			path = Tools;
			sourceTree = "<group>";
		};
		4258226F2079E51E005D3178 /* Vender */ = {
			isa = PBXGroup;
			children = (
			);
			path = Vender;
			sourceTree = "<group>";
		};
		425822702079E53D005D3178 /* AppDelegateService */ = {
			isa = PBXGroup;
			children = (
				4258227D2079F266005D3178 /* CCAppDelegateService.h */,
				4258227E2079F266005D3178 /* CCAppDelegateService.m */,
			);
			path = AppDelegateService;
			sourceTree = "<group>";
		};
		425822712079E547005D3178 /* RequestProtocol */ = {
			isa = PBXGroup;
			children = (
				425822752079E5E8005D3178 /* CCNetowrkRequests.h */,
				425822762079E5E8005D3178 /* CCNetowrkRequests.m */,
			);
			path = RequestProtocol;
			sourceTree = "<group>";
		};
		425822722079E551005D3178 /* Config */ = {
			isa = PBXGroup;
			children = (
				425822782079E68B005D3178 /* PrefixHeader.pch */,
			);
			path = Config;
			sourceTree = "<group>";
		};
		425822732079E55B005D3178 /* MainTabBar */ = {
			isa = PBXGroup;
			children = (
				425822742079E574005D3178 /* Controller */,
			);
			path = MainTabBar;
			sourceTree = "<group>";
		};
		425822742079E574005D3178 /* Controller */ = {
			isa = PBXGroup;
			children = (
				425822792079F123005D3178 /* MainTabBarViewController.h */,
				4258227A2079F123005D3178 /* MainTabBarViewController.m */,
			);
			path = Controller;
			sourceTree = "<group>";
		};
		4258227C2079F1F5005D3178 /* Home */ = {
			isa = PBXGroup;
			children = (
				42D301CD21D60548005871E2 /* View */,
				425822802079F324005D3178 /* Controller */,
				425822812079F329005D3178 /* ViewManager */,
				425822822079F32E005D3178 /* ViewModel */,
			);
			path = Home;
			sourceTree = "<group>";
		};
		425822802079F324005D3178 /* Controller */ = {
			isa = PBXGroup;
			children = (
				4246663820EDBEC4002E3FB1 /* HomeViewController.h */,
				4246663920EDBEC4002E3FB1 /* HomeViewController.m */,
			);
			path = Controller;
			sourceTree = "<group>";
		};
		425822812079F329005D3178 /* ViewManager */ = {
			isa = PBXGroup;
			children = (
				4246663B20EDBEE1002E3FB1 /* HomeViewManager.h */,
				4246663C20EDBEE1002E3FB1 /* HomeViewManager.m */,
			);
			path = ViewManager;
			sourceTree = "<group>";
		};
		425822822079F32E005D3178 /* ViewModel */ = {
			isa = PBXGroup;
			children = (
				4246663E20EDBEF1002E3FB1 /* HomeViewModel.h */,
				4246663F20EDBEF1002E3FB1 /* HomeViewModel.m */,
			);
			path = ViewModel;
			sourceTree = "<group>";
		};
		427E4D9820EDAE60002D6BA5 /* Frameworks */ = {
			isa = PBXGroup;
			children = (
				42D301CB21D600A5005871E2 /* CCKit.framework */,
			);
			name = Frameworks;
			sourceTree = "<group>";
		};
		4283FCC121E433A900409090 /* View */ = {
			isa = PBXGroup;
			children = (
				4283FCC221E43CD600409090 /* WebAPPDemo.html */,
			);
			path = View;
			sourceTree = "<group>";
		};
		42D301CD21D60548005871E2 /* View */ = {
			isa = PBXGroup;
			children = (
				42D301CE21D6055F005871E2 /* HomeTableViewCell.h */,
				42D301CF21D6055F005871E2 /* HomeTableViewCell.m */,
			);
			path = View;
			sourceTree = "<group>";
		};
		42D301D121D613F8005871E2 /* TestDemo */ = {
			isa = PBXGroup;
			children = (
				4205210021E08C8F00A6BF4E /* Web */,
				42D301F421D75EEC005871E2 /* DataBase */,
				42D301E321D70376005871E2 /* UIVIew */,
				42D301D221D61401005871E2 /* UICollectionView */,
			);
			path = TestDemo;
			sourceTree = "<group>";
		};
		42D301D221D61401005871E2 /* UICollectionView */ = {
			isa = PBXGroup;
			children = (
				42D301D621D61422005871E2 /* View */,
				42D301D521D6141B005871E2 /* Controller */,
				42D301D421D61415005871E2 /* ViewManager */,
				42D301D321D6140E005871E2 /* ViewModel */,
			);
			path = UICollectionView;
			sourceTree = "<group>";
		};
		42D301D321D6140E005871E2 /* ViewModel */ = {
			isa = PBXGroup;
			children = (
				42D301DD21D61458005871E2 /* CollectionViewModel.h */,
				42D301DE21D61458005871E2 /* CollectionViewModel.m */,
			);
			path = ViewModel;
			sourceTree = "<group>";
		};
		42D301D421D61415005871E2 /* ViewManager */ = {
			isa = PBXGroup;
			children = (
				42D301DA21D6144D005871E2 /* CollectionViewManager.h */,
				42D301DB21D6144D005871E2 /* CollectionViewManager.m */,
			);
			path = ViewManager;
			sourceTree = "<group>";
		};
		42D301D521D6141B005871E2 /* Controller */ = {
			isa = PBXGroup;
			children = (
				42D301D721D61439005871E2 /* CollectionViewController.h */,
				42D301D821D61439005871E2 /* CollectionViewController.m */,
			);
			path = Controller;
			sourceTree = "<group>";
		};
		42D301D621D61422005871E2 /* View */ = {
			isa = PBXGroup;
			children = (
				42D301E021D6146A005871E2 /* CollectionViewCell.h */,
				42D301E121D6146A005871E2 /* CollectionViewCell.m */,
			);
			path = View;
			sourceTree = "<group>";
		};
		42D301E321D70376005871E2 /* UIVIew */ = {
			isa = PBXGroup;
			children = (
				42D301E721D70398005871E2 /* View */,
				42D301E621D70392005871E2 /* Controller */,
				42D301E521D7038C005871E2 /* VIewManager */,
				42D301E421D70384005871E2 /* ViewModel */,
			);
			path = UIVIew;
			sourceTree = "<group>";
		};
		42D301E421D70384005871E2 /* ViewModel */ = {
			isa = PBXGroup;
			children = (
				42D301EE21D7044D005871E2 /* ViewDemoViewModel.h */,
				42D301EF21D7044D005871E2 /* ViewDemoViewModel.m */,
			);
			path = ViewModel;
			sourceTree = "<group>";
		};
		42D301E521D7038C005871E2 /* VIewManager */ = {
			isa = PBXGroup;
			children = (
				42D301EB21D70441005871E2 /* ViewDemoViewManager.h */,
				42D301EC21D70441005871E2 /* ViewDemoViewManager.m */,
			);
			path = VIewManager;
			sourceTree = "<group>";
		};
		42D301E621D70392005871E2 /* Controller */ = {
			isa = PBXGroup;
			children = (
				42D301E821D7042E005871E2 /* ViewDemoViewController.h */,
				42D301E921D7042E005871E2 /* ViewDemoViewController.m */,
			);
			path = Controller;
			sourceTree = "<group>";
		};
		42D301E721D70398005871E2 /* View */ = {
			isa = PBXGroup;
			children = (
				42D301F121D7056C005871E2 /* ViewDemo.h */,
				42D301F221D7056C005871E2 /* ViewDemo.m */,
			);
			path = View;
			sourceTree = "<group>";
		};
		42D301F421D75EEC005871E2 /* DataBase */ = {
			isa = PBXGroup;
			children = (
				421042C021DC936E00464914 /* Model */,
				42D3020121D76103005871E2 /* View */,
				42D301F721D75F3A005871E2 /* Controller */,
				42D301F621D75F35005871E2 /* VIewManager */,
				42D301F521D75F2E005871E2 /* ViewModel */,
			);
			path = DataBase;
			sourceTree = "<group>";
		};
		42D301F521D75F2E005871E2 /* ViewModel */ = {
			isa = PBXGroup;
			children = (
				42D301FE21D75FDD005871E2 /* DataBaseViewModel.h */,
				42D301FF21D75FDD005871E2 /* DataBaseViewModel.m */,
			);
			path = ViewModel;
			sourceTree = "<group>";
		};
		42D301F621D75F35005871E2 /* VIewManager */ = {
			isa = PBXGroup;
			children = (
				42D301FB21D75FD0005871E2 /* DataBaseViewManager.h */,
				42D301FC21D75FD0005871E2 /* DataBaseViewManager.m */,
			);
			path = VIewManager;
			sourceTree = "<group>";
		};
		42D301F721D75F3A005871E2 /* Controller */ = {
			isa = PBXGroup;
			children = (
				42D301F821D75FC4005871E2 /* DataBaseViewController.h */,
				42D301F921D75FC4005871E2 /* DataBaseViewController.m */,
			);
			path = Controller;
			sourceTree = "<group>";
		};
		42D3020121D76103005871E2 /* View */ = {
			isa = PBXGroup;
			children = (
				42D3020221D76119005871E2 /* DataBaseTableViewCell.h */,
				42D3020321D76119005871E2 /* DataBaseTableViewCell.m */,
			);
			path = View;
			sourceTree = "<group>";
		};
/* End PBXGroup section */

/* Begin PBXNativeTarget section */
		4258224D2079E443005D3178 /* CCKitDemo */ = {
			isa = PBXNativeTarget;
			buildConfigurationList = 425822642079E444005D3178 /* Build configuration list for PBXNativeTarget "CCKitDemo" */;
			buildPhases = (
				4258224A2079E443005D3178 /* Sources */,
				4258224B2079E443005D3178 /* Frameworks */,
				4258224C2079E443005D3178 /* Resources */,
			);
			buildRules = (
			);
			dependencies = (
			);
			name = CCKitDemo;
			productName = CCKitDemo;
			productReference = 4258224E2079E443005D3178 /* CCKitDemo.app */;
			productType = "com.apple.product-type.application";
		};
/* End PBXNativeTarget section */

/* Begin PBXProject section */
		425822462079E443005D3178 /* Project object */ = {
			isa = PBXProject;
			attributes = {
				LastUpgradeCheck = 0930;
				ORGANIZATIONNAME = CC;
				TargetAttributes = {
					4258224D2079E443005D3178 = {
						CreatedOnToolsVersion = 9.3;
					};
				};
			};
			buildConfigurationList = 425822492079E443005D3178 /* Build configuration list for PBXProject "CCKitDemo" */;
			compatibilityVersion = "Xcode 9.3";
			developmentRegion = en;
			hasScannedForEncodings = 0;
			knownRegions = (
				en,
				Base,
			);
			mainGroup = 425822452079E443005D3178;
			productRefGroup = 4258224F2079E443005D3178 /* Products */;
			projectDirPath = "";
			projectRoot = "";
			targets = (
				4258224D2079E443005D3178 /* CCKitDemo */,
			);
		};
/* End PBXProject section */

/* Begin PBXResourcesBuildPhase section */
		4258224C2079E443005D3178 /* Resources */ = {
			isa = PBXResourcesBuildPhase;
			buildActionMask = 2147483647;
			files = (
				4258225E2079E444005D3178 /* LaunchScreen.storyboard in Resources */,
				4258225B2079E444005D3178 /* Assets.xcassets in Resources */,
				4283FCC321E43CD600409090 /* WebAPPDemo.html in Resources */,
			);
			runOnlyForDeploymentPostprocessing = 0;
		};
/* End PBXResourcesBuildPhase section */

/* Begin PBXSourcesBuildPhase section */
		4258224A2079E443005D3178 /* Sources */ = {
			isa = PBXSourcesBuildPhase;
			buildActionMask = 2147483647;
			files = (
				420E4FC721D5C14100D3261D /* TestHandleViewController.m in Sources */,
				425822772079E5E8005D3178 /* CCNetowrkRequests.m in Sources */,
				42D301F021D7044D005871E2 /* ViewDemoViewModel.m in Sources */,
				420E4FCD21D5C15900D3261D /* TestHandleViewModel.m in Sources */,
				4258227B2079F123005D3178 /* MainTabBarViewController.m in Sources */,
				421042C321DC937E00464914 /* DataBaseDAO.m in Sources */,
				420E4FCA21D5C14E00D3261D /* TestHandleViewManager.m in Sources */,
				42D301FA21D75FC4005871E2 /* DataBaseViewController.m in Sources */,
				42D301FD21D75FD0005871E2 /* DataBaseViewManager.m in Sources */,
				425822612079E444005D3178 /* main.m in Sources */,
				42D301E221D6146A005871E2 /* CollectionViewCell.m in Sources */,
				42D3020421D76119005871E2 /* DataBaseTableViewCell.m in Sources */,
				42D301DF21D61458005871E2 /* CollectionViewModel.m in Sources */,
				42D301DC21D6144D005871E2 /* CollectionViewManager.m in Sources */,
				42D301EA21D7042E005871E2 /* ViewDemoViewController.m in Sources */,
				4258227F2079F266005D3178 /* CCAppDelegateService.m in Sources */,
				42D301D021D6055F005871E2 /* HomeTableViewCell.m in Sources */,
				42D301ED21D70441005871E2 /* ViewDemoViewManager.m in Sources */,
				4246663D20EDBEE1002E3FB1 /* HomeViewManager.m in Sources */,
				4205210C21E0932B00A6BF4E /* WebViewController.m in Sources */,
				42D3020021D75FDD005871E2 /* DataBaseViewModel.m in Sources */,
				425822532079E443005D3178 /* AppDelegate.m in Sources */,
				42D301D921D61439005871E2 /* CollectionViewController.m in Sources */,
				42D301F321D7056C005871E2 /* ViewDemo.m in Sources */,
				4246663A20EDBEC4002E3FB1 /* HomeViewController.m in Sources */,
				4246664020EDBEF1002E3FB1 /* HomeViewModel.m in Sources */,
			);
			runOnlyForDeploymentPostprocessing = 0;
		};
/* End PBXSourcesBuildPhase section */

/* Begin PBXVariantGroup section */
		4258225C2079E444005D3178 /* LaunchScreen.storyboard */ = {
			isa = PBXVariantGroup;
			children = (
				4258225D2079E444005D3178 /* Base */,
			);
			name = LaunchScreen.storyboard;
			sourceTree = "<group>";
		};
/* End PBXVariantGroup section */

/* Begin XCBuildConfiguration section */
		425822622079E444005D3178 /* Debug */ = {
			isa = XCBuildConfiguration;
			buildSettings = {
				ALWAYS_SEARCH_USER_PATHS = NO;
				CLANG_ANALYZER_NONNULL = YES;
				CLANG_ANALYZER_NUMBER_OBJECT_CONVERSION = YES_AGGRESSIVE;
				CLANG_CXX_LANGUAGE_STANDARD = "gnu++14";
				CLANG_CXX_LIBRARY = "libc++";
				CLANG_ENABLE_MODULES = YES;
				CLANG_ENABLE_OBJC_ARC = YES;
				CLANG_ENABLE_OBJC_WEAK = YES;
				CLANG_WARN_BLOCK_CAPTURE_AUTORELEASING = YES;
				CLANG_WARN_BOOL_CONVERSION = YES;
				CLANG_WARN_COMMA = YES;
				CLANG_WARN_CONSTANT_CONVERSION = YES;
				CLANG_WARN_DEPRECATED_OBJC_IMPLEMENTATIONS = YES;
				CLANG_WARN_DIRECT_OBJC_ISA_USAGE = YES_ERROR;
				CLANG_WARN_DOCUMENTATION_COMMENTS = YES;
				CLANG_WARN_EMPTY_BODY = YES;
				CLANG_WARN_ENUM_CONVERSION = YES;
				CLANG_WARN_INFINITE_RECURSION = YES;
				CLANG_WARN_INT_CONVERSION = YES;
				CLANG_WARN_NON_LITERAL_NULL_CONVERSION = YES;
				CLANG_WARN_OBJC_IMPLICIT_RETAIN_SELF = YES;
				CLANG_WARN_OBJC_LITERAL_CONVERSION = YES;
				CLANG_WARN_OBJC_ROOT_CLASS = YES_ERROR;
				CLANG_WARN_RANGE_LOOP_ANALYSIS = YES;
				CLANG_WARN_STRICT_PROTOTYPES = YES;
				CLANG_WARN_SUSPICIOUS_MOVE = YES;
				CLANG_WARN_UNGUARDED_AVAILABILITY = YES_AGGRESSIVE;
				CLANG_WARN_UNREACHABLE_CODE = YES;
				CLANG_WARN__DUPLICATE_METHOD_MATCH = YES;
				CODE_SIGN_IDENTITY = "iPhone Developer";
				COPY_PHASE_STRIP = NO;
				DEBUG_INFORMATION_FORMAT = dwarf;
				ENABLE_STRICT_OBJC_MSGSEND = YES;
				ENABLE_TESTABILITY = YES;
				GCC_C_LANGUAGE_STANDARD = gnu11;
				GCC_DYNAMIC_NO_PIC = NO;
				GCC_NO_COMMON_BLOCKS = YES;
				GCC_OPTIMIZATION_LEVEL = 0;
				GCC_PREPROCESSOR_DEFINITIONS = (
					"DEBUG=1",
					"$(inherited)",
				);
				GCC_WARN_64_TO_32_BIT_CONVERSION = YES;
				GCC_WARN_ABOUT_RETURN_TYPE = YES_ERROR;
				GCC_WARN_UNDECLARED_SELECTOR = YES;
				GCC_WARN_UNINITIALIZED_AUTOS = YES_AGGRESSIVE;
				GCC_WARN_UNUSED_FUNCTION = YES;
				GCC_WARN_UNUSED_VARIABLE = YES;
				IPHONEOS_DEPLOYMENT_TARGET = 11.3;
				MTL_ENABLE_DEBUG_INFO = YES;
				ONLY_ACTIVE_ARCH = YES;
				SDKROOT = iphoneos;
			};
			name = Debug;
		};
		425822632079E444005D3178 /* Release */ = {
			isa = XCBuildConfiguration;
			buildSettings = {
				ALWAYS_SEARCH_USER_PATHS = NO;
				CLANG_ANALYZER_NONNULL = YES;
				CLANG_ANALYZER_NUMBER_OBJECT_CONVERSION = YES_AGGRESSIVE;
				CLANG_CXX_LANGUAGE_STANDARD = "gnu++14";
				CLANG_CXX_LIBRARY = "libc++";
				CLANG_ENABLE_MODULES = YES;
				CLANG_ENABLE_OBJC_ARC = YES;
				CLANG_ENABLE_OBJC_WEAK = YES;
				CLANG_WARN_BLOCK_CAPTURE_AUTORELEASING = YES;
				CLANG_WARN_BOOL_CONVERSION = YES;
				CLANG_WARN_COMMA = YES;
				CLANG_WARN_CONSTANT_CONVERSION = YES;
				CLANG_WARN_DEPRECATED_OBJC_IMPLEMENTATIONS = YES;
				CLANG_WARN_DIRECT_OBJC_ISA_USAGE = YES_ERROR;
				CLANG_WARN_DOCUMENTATION_COMMENTS = YES;
				CLANG_WARN_EMPTY_BODY = YES;
				CLANG_WARN_ENUM_CONVERSION = YES;
				CLANG_WARN_INFINITE_RECURSION = YES;
				CLANG_WARN_INT_CONVERSION = YES;
				CLANG_WARN_NON_LITERAL_NULL_CONVERSION = YES;
				CLANG_WARN_OBJC_IMPLICIT_RETAIN_SELF = YES;
				CLANG_WARN_OBJC_LITERAL_CONVERSION = YES;
				CLANG_WARN_OBJC_ROOT_CLASS = YES_ERROR;
				CLANG_WARN_RANGE_LOOP_ANALYSIS = YES;
				CLANG_WARN_STRICT_PROTOTYPES = YES;
				CLANG_WARN_SUSPICIOUS_MOVE = YES;
				CLANG_WARN_UNGUARDED_AVAILABILITY = YES_AGGRESSIVE;
				CLANG_WARN_UNREACHABLE_CODE = YES;
				CLANG_WARN__DUPLICATE_METHOD_MATCH = YES;
				CODE_SIGN_IDENTITY = "iPhone Developer";
				COPY_PHASE_STRIP = NO;
				DEBUG_INFORMATION_FORMAT = "dwarf-with-dsym";
				ENABLE_NS_ASSERTIONS = NO;
				ENABLE_STRICT_OBJC_MSGSEND = YES;
				GCC_C_LANGUAGE_STANDARD = gnu11;
				GCC_NO_COMMON_BLOCKS = YES;
				GCC_WARN_64_TO_32_BIT_CONVERSION = YES;
				GCC_WARN_ABOUT_RETURN_TYPE = YES_ERROR;
				GCC_WARN_UNDECLARED_SELECTOR = YES;
				GCC_WARN_UNINITIALIZED_AUTOS = YES_AGGRESSIVE;
				GCC_WARN_UNUSED_FUNCTION = YES;
				GCC_WARN_UNUSED_VARIABLE = YES;
				IPHONEOS_DEPLOYMENT_TARGET = 11.3;
				MTL_ENABLE_DEBUG_INFO = NO;
				SDKROOT = iphoneos;
				VALIDATE_PRODUCT = YES;
			};
			name = Release;
		};
		425822652079E444005D3178 /* Debug */ = {
			isa = XCBuildConfiguration;
			buildSettings = {
				ASSETCATALOG_COMPILER_APPICON_NAME = AppIcon;
				ASSETCATALOG_COMPILER_LAUNCHIMAGE_NAME = LaunchImage;
				CODE_SIGN_STYLE = Automatic;
				DEVELOPMENT_TEAM = 7W7VQJKLJ2;
				FRAMEWORK_SEARCH_PATHS = (
					"$(inherited)",
					"$(PROJECT_DIR)/CCKitDemo/Tools/Vender",
				);
				GCC_PREFIX_HEADER = CCkitDemo/Config/PrefixHeader.pch;
				INFOPLIST_FILE = CCKitDemo/Info.plist;
				IPHONEOS_DEPLOYMENT_TARGET = 8.0;
				LD_RUNPATH_SEARCH_PATHS = (
					"$(inherited)",
					"@executable_path/Frameworks",
				);
				OTHER_LDFLAGS = "-ObjC";
				PRODUCT_BUNDLE_IDENTIFIER = com.cc.CCKitDemo;
				PRODUCT_NAME = "$(TARGET_NAME)";
				TARGETED_DEVICE_FAMILY = 1;
			};
			name = Debug;
		};
		425822662079E444005D3178 /* Release */ = {
			isa = XCBuildConfiguration;
			buildSettings = {
				ASSETCATALOG_COMPILER_APPICON_NAME = AppIcon;
				ASSETCATALOG_COMPILER_LAUNCHIMAGE_NAME = LaunchImage;
				CODE_SIGN_STYLE = Automatic;
				DEVELOPMENT_TEAM = 7W7VQJKLJ2;
				FRAMEWORK_SEARCH_PATHS = (
					"$(inherited)",
					"$(PROJECT_DIR)/CCKitDemo/Tools/Vender",
				);
				GCC_PREFIX_HEADER = CCkitDemo/Config/PrefixHeader.pch;
				INFOPLIST_FILE = CCKitDemo/Info.plist;
				IPHONEOS_DEPLOYMENT_TARGET = 8.0;
				LD_RUNPATH_SEARCH_PATHS = (
					"$(inherited)",
					"@executable_path/Frameworks",
				);
				OTHER_LDFLAGS = "-ObjC";
				PRODUCT_BUNDLE_IDENTIFIER = com.cc.CCKitDemo;
				PRODUCT_NAME = "$(TARGET_NAME)";
				TARGETED_DEVICE_FAMILY = 1;
			};
			name = Release;
		};
/* End XCBuildConfiguration section */

/* Begin XCConfigurationList section */
		425822492079E443005D3178 /* Build configuration list for PBXProject "CCKitDemo" */ = {
			isa = XCConfigurationList;
			buildConfigurations = (
				425822622079E444005D3178 /* Debug */,
				425822632079E444005D3178 /* Release */,
			);
			defaultConfigurationIsVisible = 0;
			defaultConfigurationName = Release;
		};
		425822642079E444005D3178 /* Build configuration list for PBXNativeTarget "CCKitDemo" */ = {
			isa = XCConfigurationList;
			buildConfigurations = (
				425822652079E444005D3178 /* Debug */,
				425822662079E444005D3178 /* Release */,
			);
			defaultConfigurationIsVisible = 0;
			defaultConfigurationName = Release;
		};
/* End XCConfigurationList section */
	};
	rootObject = 425822462079E443005D3178 /* Project object */;
}
